
Microsoft Visual Studio Solution File, Format Version 12.00
# Visual Studio 15
VisualStudioVersion = 15.0.28307.421
MinimumVisualStudioVersion = 10.0.40219.1
Project("{FAE04EC0-301F-11D3-BF4B-00C04F79EFBC}") = "Lab4POp3Ksis", "Lab4POp3Ksis.csproj", "{851E14CF-7A59-42CA-835C-32CD49263501}"
EndProject
Global
	GlobalSection(SolutionConfigurationPlatforms) = preSolution
		Debug|Any CPU = Debug|Any CPU
		Release|Any CPU = Release|Any CPU
	EndGlobalSection
	GlobalSection(ProjectConfigurationPlatforms) = postSolution
		{851E14CF-7A59-42CA-835C-32CD49263501}.Debug|Any CPU.ActiveCfg = Debug|Any CPU
		{851E14CF-7A59-42CA-835C-32CD49263501}.Debug|Any CPU.Build.0 = Debug|Any CPU
		{851E14CF-7A59-42CA-835C-32CD49263501}.Release|Any CPU.ActiveCfg = Release|Any CPU
		{851E14CF-7A59-42CA-835C-32CD49263501}.Release|Any CPU.Build.0 = Release|Any CPU
	EndGlobalSection
	GlobalSection(SolutionProperties) = preSolution
		HideSolutionNode = FALSE
	EndGlobalSection
	GlobalSection(ExtensibilityGlobals) = postSolution
		SolutionGuid = {D48A1F56-E428-4937-9C1E-4783A327E371}
	EndGlobalSection
EndGlobal
